
Microsoft Visual Studio Solution File, Format Version 12.00
# Visual Studio Version 17
VisualStudioVersion = 17.3.32929.385
MinimumVisualStudioVersion = 10.0.40219.1
Project("{FAE04EC0-301F-11D3-BF4B-00C04F79EFBC}") = "WpfApp18", "WpfApp18.csproj", "{B96851D8-FF01-480D-8C52-C76AF3F72E89}"
EndProject
Global
	GlobalSection(SolutionConfigurationPlatforms) = preSolution
		Debug|Any CPU = Debug|Any CPU
		Release|Any CPU = Release|Any CPU
	EndGlobalSection
	GlobalSection(ProjectConfigurationPlatforms) = postSolution
		{B96851D8-FF01-480D-8C52-C76AF3F72E89}.Debug|Any CPU.ActiveCfg = Debug|Any CPU
		{B96851D8-FF01-480D-8C52-C76AF3F72E89}.Debug|Any CPU.Build.0 = Debug|Any CPU
		{B96851D8-FF01-480D-8C52-C76AF3F72E89}.Release|Any CPU.ActiveCfg = Release|Any CPU
		{B96851D8-FF01-480D-8C52-C76AF3F72E89}.Release|Any CPU.Build.0 = Release|Any CPU
	EndGlobalSection
	GlobalSection(SolutionProperties) = preSolution
		HideSolutionNode = FALSE
	EndGlobalSection
	GlobalSection(ExtensibilityGlobals) = postSolution
		SolutionGuid = {3CBABE5C-3566-4515-A278-FB637169C3EB}
	EndGlobalSection
EndGlobal
